{"version":4,"terraform_version":"1.9.1","serial":17,"lineage":"dd0e9105-bb8d-b143-544e-487cef17ab9d","outputs":{},"resources":[{"mode":"managed","type":"google_project_iam_member","name":"spacelift_editor","provider":"provider[\"registry.opentofu.org/hashicorp/google\"]","instances":[{"schema_version":0,"attributes":{"condition":[],"etag":"BwYoLRmpfGE=","id":"emp-jace-1fb5/roles/editor/serviceAccount:gcp-01je045ze85st5v7yny372s5z5@spacelift.iam.gserviceaccount.com","member":"serviceAccount:gcp-01je045ze85st5v7yny372s5z5@spacelift.iam.gserviceaccount.com","project":"emp-jace-1fb5","role":"roles/editor"},"sensitive_attributes":[],"private":"bnVsbA==","dependencies":["spacelift_gcp_service_account.root","spacelift_stack.root"]}]},{"mode":"managed","type":"google_project_iam_member","name":"spacelift_project_iam_admin","provider":"provider[\"registry.opentofu.org/hashicorp/google\"]","instances":[{"schema_version":0,"attributes":{"condition":[],"etag":"BwYoLRmpfGE=","id":"emp-jace-1fb5/roles/resourcemanager.projectIamAdmin/serviceAccount:gcp-01je045ze85st5v7yny372s5z5@spacelift.iam.gserviceaccount.com","member":"serviceAccount:gcp-01je045ze85st5v7yny372s5z5@spacelift.iam.gserviceaccount.com","project":"emp-jace-1fb5","role":"roles/resourcemanager.projectIamAdmin"},"sensitive_attributes":[],"private":"bnVsbA==","dependencies":["spacelift_gcp_service_account.root","spacelift_stack.root"]}]},{"mode":"managed","type":"google_project_iam_member","name":"spacelift_secret_accessor","provider":"provider[\"registry.opentofu.org/hashicorp/google\"]","instances":[{"schema_version":0,"attributes":{"condition":[],"etag":"BwYoLRmpfGE=","id":"emp-jace-1fb5/roles/secretmanager.secretAccessor/serviceAccount:gcp-01je045ze85st5v7yny372s5z5@spacelift.iam.gserviceaccount.com","member":"serviceAccount:gcp-01je045ze85st5v7yny372s5z5@spacelift.iam.gserviceaccount.com","project":"emp-jace-1fb5","role":"roles/secretmanager.secretAccessor"},"sensitive_attributes":[],"private":"bnVsbA==","dependencies":["spacelift_gcp_service_account.root","spacelift_stack.root"]}]},{"mode":"managed","type":"spacelift_context","name":"terraform_provider_google","provider":"provider[\"registry.opentofu.org/spacelift-io/spacelift\"]","instances":[{"schema_version":0,"attributes":{"after_apply":[],"after_destroy":[],"after_init":[],"after_perform":[],"after_plan":[],"after_run":[],"before_apply":[],"before_destroy":[],"before_init":[],"before_perform":[],"before_plan":[],"description":"Configuration for terraform-provider-google","id":"terraform-provider-google","labels":["autoattach:terraform-provider-google"],"name":"terraform-provider-google","space_id":"root"},"sensitive_attributes":[],"private":"eyJzY2hlbWFfdmVyc2lvbiI6IjAifQ==","dependencies":["spacelift_stack.root"]}]},{"mode":"managed","type":"spacelift_environment_variable","name":"google_project","provider":"provider[\"registry.opentofu.org/spacelift-io/spacelift\"]","instances":[{"schema_version":0,"attributes":{"checksum":"31071a89839ebcaa521fc9d00727e95c4837df8ce2a2da8867f793c9ec87f2f3","context_id":"terraform-provider-google","description":"","id":"context/terraform-provider-google/GOOGLE_PROJECT","module_id":null,"name":"GOOGLE_PROJECT","stack_id":null,"value":"emp-jace-1fb5","write_only":false},"sensitive_attributes":[[{"type":"get_attr","value":"value"}]],"private":"bnVsbA==","dependencies":["spacelift_context.terraform_provider_google","spacelift_stack.root"]}]},{"mode":"managed","type":"spacelift_environment_variable","name":"google_region","provider":"provider[\"registry.opentofu.org/spacelift-io/spacelift\"]","instances":[{"schema_version":0,"attributes":{"checksum":"14fa84cb92dd1f1af064f81fe785be7f8906e54f3c378e3f98e93238daeb78f8","context_id":"terraform-provider-google","description":"","id":"context/terraform-provider-google/GOOGLE_REGION","module_id":null,"name":"GOOGLE_REGION","stack_id":null,"value":"europe-west1","write_only":false},"sensitive_attributes":[[{"type":"get_attr","value":"value"}]],"private":"bnVsbA==","dependencies":["spacelift_context.terraform_provider_google","spacelift_stack.root"]}]},{"mode":"managed","type":"spacelift_gcp_service_account","name":"root","provider":"provider[\"registry.opentofu.org/spacelift-io/spacelift\"]","instances":[{"schema_version":0,"attributes":{"id":"root","module_id":null,"service_account_email":"gcp-01je045ze85st5v7yny372s5z5@spacelift.iam.gserviceaccount.com","stack_id":"root","token_scopes":["https://www.googleapis.com/auth/cloud-platform","https://www.googleapis.com/auth/compute","https://www.googleapis.com/auth/devstorage.full_control","https://www.googleapis.com/auth/ndev.clouddns.readwrite","https://www.googleapis.com/auth/userinfo.email"]},"sensitive_attributes":[],"private":"bnVsbA==","dependencies":["spacelift_stack.root"]}]},{"mode":"managed","type":"spacelift_stack","name":"root","provider":"provider[\"registry.opentofu.org/spacelift-io/spacelift\"]","instances":[{"schema_version":1,"attributes":{"additional_project_globs":[],"administrative":true,"after_apply":[],"after_destroy":[],"after_init":[],"after_perform":[],"after_plan":[],"after_run":[],"ansible":[],"autodeploy":false,"autoretry":false,"aws_assume_role_policy_statement":"{\"Action\":\"sts:AssumeRole\",\"Condition\":{\"StringEquals\":{\"sts:ExternalId\":\"jace-ys@root\"}},\"Effect\":\"Allow\",\"Principal\":{\"AWS\":\"324880187172\"}}","azure_devops":[],"before_apply":[],"before_destroy":[],"before_init":[],"before_perform":[],"before_plan":[],"bitbucket_cloud":[],"bitbucket_datacenter":[],"branch":"main","cloudformation":[],"description":"🚀 Root stack for managing other Spacelift stacks","enable_local_preview":false,"enable_sensitive_outputs_upload":true,"enable_well_known_secret_masking":true,"github_action_deploy":true,"github_enterprise":[],"gitlab":[],"id":"root","import_state":"","import_state_file":null,"kubernetes":[],"labels":["feature:add_plan_pr_comment","terraform-provider-google"],"manage_state":true,"name":"root","project_root":"infra/spacelift/root","protect_from_deletion":true,"pulumi":[],"raw_git":[],"repository":"countup","runner_image":"","showcase":[],"slug":"root","space_id":"root","terraform_external_state_access":false,"terraform_smart_sanitization":true,"terraform_version":"1.9.1","terraform_workflow_tool":"OPEN_TOFU","terraform_workspace":"","terragrunt":[],"worker_pool_id":""},"sensitive_attributes":[[{"type":"get_attr","value":"import_state"}]],"private":"eyJzY2hlbWFfdmVyc2lvbiI6IjEifQ=="}]}],"check_results":null}
